{
  "requires": true,
  "lockfileVersion": 1,
  "dependencies": {
    "bootstrap": {
      "version": "5.0.0-beta2",
      "resolved": "https://registry.npmjs.org/bootstrap/-/bootstrap-5.0.0-beta2.tgz",
      "integrity": "sha512-e+uPbPHqTQWKyCX435uVlOmgH9tUt0xtjvyOC7knhKgOS643BrQKuTo+KecGpPV7qlmOyZgCfaM4xxPWtDEN/g=="
    },
    "ngx-bootstrap": {
      "version": "6.2.0",
      "resolved": "https://registry.npmjs.org/ngx-bootstrap/-/ngx-bootstrap-6.2.0.tgz",
      "integrity": "sha512-5WKHo6/ltkenw4UyXZwED8rODCgp2RGbWurzYzZsF/gH1JO5SN7TJ+AL6kXYk6XM42sDA2WhN9Db+ZPNjiyHnA=="
    }
  }
}
